// !$*UTF8*$!
{
	archiveVersion = 1;
	classes = {
	};
	objectVersion = 56;
	objects = {

/* Begin PBXBuildFile section */
		FA00A7142A06D334008E9111 /* About.swift in Sources */ = {isa = PBXBuildFile; fileRef = FA00A7132A06D334008E9111 /* About.swift */; };
		FA0E16F42A0A864C001830EC /* NetworkManager.swift in Sources */ = {isa = PBXBuildFile; fileRef = FA0E16F32A0A864C001830EC /* NetworkManager.swift */; };
		FA0E16F62A0AC72E001830EC /* UserActionCell.swift in Sources */ = {isa = PBXBuildFile; fileRef = FA0E16F52A0AC72E001830EC /* UserActionCell.swift */; };
		FA7764C52A055CA0009ABD75 /* AppDelegate.swift in Sources */ = {isa = PBXBuildFile; fileRef = FA7764C42A055CA0009ABD75 /* AppDelegate.swift */; };
		FA7764C72A055CA0009ABD75 /* SceneDelegate.swift in Sources */ = {isa = PBXBuildFile; fileRef = FA7764C62A055CA0009ABD75 /* SceneDelegate.swift */; };
		FA7764C92A055CA0009ABD75 /* MainCollectionViewController.swift in Sources */ = {isa = PBXBuildFile; fileRef = FA7764C82A055CA0009ABD75 /* MainCollectionViewController.swift */; };
		FA7764CC2A055CA0009ABD75 /* Main.storyboard in Resources */ = {isa = PBXBuildFile; fileRef = FA7764CA2A055CA0009ABD75 /* Main.storyboard */; };
		FA7764CE2A055CA2009ABD75 /* Assets.xcassets in Resources */ = {isa = PBXBuildFile; fileRef = FA7764CD2A055CA2009ABD75 /* Assets.xcassets */; };
		FA7764D12A055CA2009ABD75 /* LaunchScreen.storyboard in Resources */ = {isa = PBXBuildFile; fileRef = FA7764CF2A055CA2009ABD75 /* LaunchScreen.storyboard */; };
		FAFB2F8B2A0BDCA80072CF5F /* InfoTableViewController.swift in Sources */ = {isa = PBXBuildFile; fileRef = FAFB2F8A2A0BDCA80072CF5F /* InfoTableViewController.swift */; };
/* End PBXBuildFile section */

/* Begin PBXFileReference section */
		FA00A7132A06D334008E9111 /* About.swift */ = {isa = PBXFileReference; lastKnownFileType = sourcecode.swift; path = About.swift; sourceTree = "<group>"; };
		FA0E16F32A0A864C001830EC /* NetworkManager.swift */ = {isa = PBXFileReference; lastKnownFileType = sourcecode.swift; path = NetworkManager.swift; sourceTree = "<group>"; };
		FA0E16F52A0AC72E001830EC /* UserActionCell.swift */ = {isa = PBXFileReference; lastKnownFileType = sourcecode.swift; path = UserActionCell.swift; sourceTree = "<group>"; };
		FA7764C12A055CA0009ABD75 /* ParsingJSONApp.app */ = {isa = PBXFileReference; explicitFileType = wrapper.application; includeInIndex = 0; path = ParsingJSONApp.app; sourceTree = BUILT_PRODUCTS_DIR; };
		FA7764C42A055CA0009ABD75 /* AppDelegate.swift */ = {isa = PBXFileReference; lastKnownFileType = sourcecode.swift; path = AppDelegate.swift; sourceTree = "<group>"; };
		FA7764C62A055CA0009ABD75 /* SceneDelegate.swift */ = {isa = PBXFileReference; lastKnownFileType = sourcecode.swift; path = SceneDelegate.swift; sourceTree = "<group>"; };
		FA7764C82A055CA0009ABD75 /* MainCollectionViewController.swift */ = {isa = PBXFileReference; lastKnownFileType = sourcecode.swift; path = MainCollectionViewController.swift; sourceTree = "<group>"; };
		FA7764CB2A055CA0009ABD75 /* Base */ = {isa = PBXFileReference; lastKnownFileType = file.storyboard; name = Base; path = Base.lproj/Main.storyboard; sourceTree = "<group>"; };
		FA7764CD2A055CA2009ABD75 /* Assets.xcassets */ = {isa = PBXFileReference; lastKnownFileType = folder.assetcatalog; path = Assets.xcassets; sourceTree = "<group>"; };
		FA7764D02A055CA2009ABD75 /* Base */ = {isa = PBXFileReference; lastKnownFileType = file.storyboard; name = Base; path = Base.lproj/LaunchScreen.storyboard; sourceTree = "<group>"; };
		FA7764D22A055CA2009ABD75 /* Info.plist */ = {isa = PBXFileReference; lastKnownFileType = text.plist.xml; path = Info.plist; sourceTree = "<group>"; };
		FAFB2F8A2A0BDCA80072CF5F /* InfoTableViewController.swift */ = {isa = PBXFileReference; lastKnownFileType = sourcecode.swift; path = InfoTableViewController.swift; sourceTree = "<group>"; };
/* End PBXFileReference section */

/* Begin PBXFrameworksBuildPhase section */
		FA7764BE2A055CA0009ABD75 /* Frameworks */ = {
			isa = PBXFrameworksBuildPhase;
			buildActionMask = 2147483647;
			files = (
			);
			runOnlyForDeploymentPostprocessing = 0;
		};
/* End PBXFrameworksBuildPhase section */

/* Begin PBXGroup section */
		FA0E16F22A0A860E001830EC /* Services */ = {
			isa = PBXGroup;
			children = (
				FA0E16F32A0A864C001830EC /* NetworkManager.swift */,
			);
			path = Services;
			sourceTree = "<group>";
		};
		FA7764B82A055CA0009ABD75 = {
			isa = PBXGroup;
			children = (
				FA7764C32A055CA0009ABD75 /* ParsingJSONApp */,
				FA7764C22A055CA0009ABD75 /* Products */,
			);
			sourceTree = "<group>";
		};
		FA7764C22A055CA0009ABD75 /* Products */ = {
			isa = PBXGroup;
			children = (
				FA7764C12A055CA0009ABD75 /* ParsingJSONApp.app */,
			);
			name = Products;
			sourceTree = "<group>";
		};
		FA7764C32A055CA0009ABD75 /* ParsingJSONApp */ = {
			isa = PBXGroup;
			children = (
				FA7764D82A055CC0009ABD75 /* App */,
				FAFB2F892A0BDC600072CF5F /* Views */,
				FA0E16F22A0A860E001830EC /* Services */,
				FA7764DA2A055CFA009ABD75 /* Storyboards */,
				FA7764D92A055CED009ABD75 /* ViewControllers */,
				FA7764DD2A056901009ABD75 /* Models */,
				FA7764CD2A055CA2009ABD75 /* Assets.xcassets */,
			);
			path = ParsingJSONApp;
			sourceTree = "<group>";
		};
		FA7764D82A055CC0009ABD75 /* App */ = {
			isa = PBXGroup;
			children = (
				FA7764C42A055CA0009ABD75 /* AppDelegate.swift */,
				FA7764C62A055CA0009ABD75 /* SceneDelegate.swift */,
				FA7764D22A055CA2009ABD75 /* Info.plist */,
			);
			path = App;
			sourceTree = "<group>";
		};
		FA7764D92A055CED009ABD75 /* ViewControllers */ = {
			isa = PBXGroup;
			children = (
				FA7764C82A055CA0009ABD75 /* MainCollectionViewController.swift */,
				FAFB2F8A2A0BDCA80072CF5F /* InfoTableViewController.swift */,
			);
			path = ViewControllers;
			sourceTree = "<group>";
		};
		FA7764DA2A055CFA009ABD75 /* Storyboards */ = {
			isa = PBXGroup;
			children = (
				FA7764CA2A055CA0009ABD75 /* Main.storyboard */,
				FA7764CF2A055CA2009ABD75 /* LaunchScreen.storyboard */,
			);
			path = Storyboards;
			sourceTree = "<group>";
		};
		FA7764DD2A056901009ABD75 /* Models */ = {
			isa = PBXGroup;
			children = (
				FA00A7132A06D334008E9111 /* About.swift */,
			);
			path = Models;
			sourceTree = "<group>";
		};
		FAFB2F892A0BDC600072CF5F /* Views */ = {
			isa = PBXGroup;
			children = (
				FA0E16F52A0AC72E001830EC /* UserActionCell.swift */,
			);
			path = Views;
			sourceTree = "<group>";
		};
/* End PBXGroup section */

/* Begin PBXNativeTarget section */
		FA7764C02A055CA0009ABD75 /* ParsingJSONApp */ = {
			isa = PBXNativeTarget;
			buildConfigurationList = FA7764D52A055CA2009ABD75 /* Build configuration list for PBXNativeTarget "ParsingJSONApp" */;
			buildPhases = (
				FA7764BD2A055CA0009ABD75 /* Sources */,
				FA7764BE2A055CA0009ABD75 /* Frameworks */,
				FA7764BF2A055CA0009ABD75 /* Resources */,
			);
			buildRules = (
			);
			dependencies = (
			);
			name = ParsingJSONApp;
			productName = ParsingJSONApp;
			productReference = FA7764C12A055CA0009ABD75 /* ParsingJSONApp.app */;
			productType = "com.apple.product-type.application";
		};
/* End PBXNativeTarget section */

/* Begin PBXProject section */
		FA7764B92A055CA0009ABD75 /* Project object */ = {
			isa = PBXProject;
			attributes = {
				BuildIndependentTargetsInParallel = 1;
				LastSwiftUpdateCheck = 1430;
				LastUpgradeCheck = 1430;
				TargetAttributes = {
					FA7764C02A055CA0009ABD75 = {
						CreatedOnToolsVersion = 14.3;
					};
				};
			};
			buildConfigurationList = FA7764BC2A055CA0009ABD75 /* Build configuration list for PBXProject "ParsingJSONApp" */;
			compatibilityVersion = "Xcode 14.0";
			developmentRegion = en;
			hasScannedForEncodings = 0;
			knownRegions = (
				en,
				Base,
			);
			mainGroup = FA7764B82A055CA0009ABD75;
			productRefGroup = FA7764C22A055CA0009ABD75 /* Products */;
			projectDirPath = "";
			projectRoot = "";
			targets = (
				FA7764C02A055CA0009ABD75 /* ParsingJSONApp */,
			);
		};
/* End PBXProject section */

/* Begin PBXResourcesBuildPhase section */
		FA7764BF2A055CA0009ABD75 /* Resources */ = {
			isa = PBXResourcesBuildPhase;
			buildActionMask = 2147483647;
			files = (
				FA7764D12A055CA2009ABD75 /* LaunchScreen.storyboard in Resources */,
				FA7764CE2A055CA2009ABD75 /* Assets.xcassets in Resources */,
				FA7764CC2A055CA0009ABD75 /* Main.storyboard in Resources */,
			);
			runOnlyForDeploymentPostprocessing = 0;
		};
/* End PBXResourcesBuildPhase section */

/* Begin PBXSourcesBuildPhase section */
		FA7764BD2A055CA0009ABD75 /* Sources */ = {
			isa = PBXSourcesBuildPhase;
			buildActionMask = 2147483647;
			files = (
				FA7764C92A055CA0009ABD75 /* MainCollectionViewController.swift in Sources */,
				FAFB2F8B2A0BDCA80072CF5F /* InfoTableViewController.swift in Sources */,
				FA7764C52A055CA0009ABD75 /* AppDelegate.swift in Sources */,
				FA7764C72A055CA0009ABD75 /* SceneDelegate.swift in Sources */,
				FA0E16F42A0A864C001830EC /* NetworkManager.swift in Sources */,
				FA00A7142A06D334008E9111 /* About.swift in Sources */,
				FA0E16F62A0AC72E001830EC /* UserActionCell.swift in Sources */,
			);
			runOnlyForDeploymentPostprocessing = 0;
		};
/* End PBXSourcesBuildPhase section */

/* Begin PBXVariantGroup section */
		FA7764CA2A055CA0009ABD75 /* Main.storyboard */ = {
			isa = PBXVariantGroup;
			children = (
				FA7764CB2A055CA0009ABD75 /* Base */,
			);
			name = Main.storyboard;
			sourceTree = "<group>";
		};
		FA7764CF2A055CA2009ABD75 /* LaunchScreen.storyboard */ = {
			isa = PBXVariantGroup;
			children = (
				FA7764D02A055CA2009ABD75 /* Base */,
			);
			name = LaunchScreen.storyboard;
			sourceTree = "<group>";
		};
/* End PBXVariantGroup section */

/* Begin XCBuildConfiguration section */
		FA7764D32A055CA2009ABD75 /* Debug */ = {
			isa = XCBuildConfiguration;
			buildSettings = {
				ALWAYS_SEARCH_USER_PATHS = NO;
				CLANG_ANALYZER_NONNULL = YES;
				CLANG_ANALYZER_NUMBER_OBJECT_CONVERSION = YES_AGGRESSIVE;
				CLANG_CXX_LANGUAGE_STANDARD = "gnu++20";
				CLANG_ENABLE_MODULES = YES;
				CLANG_ENABLE_OBJC_ARC = YES;
				CLANG_ENABLE_OBJC_WEAK = YES;
				CLANG_WARN_BLOCK_CAPTURE_AUTORELEASING = YES;
				CLANG_WARN_BOOL_CONVERSION = YES;
				CLANG_WARN_COMMA = YES;
				CLANG_WARN_CONSTANT_CONVERSION = YES;
				CLANG_WARN_DEPRECATED_OBJC_IMPLEMENTATIONS = YES;
				CLANG_WARN_DIRECT_OBJC_ISA_USAGE = YES_ERROR;
				CLANG_WARN_DOCUMENTATION_COMMENTS = YES;
				CLANG_WARN_EMPTY_BODY = YES;
				CLANG_WARN_ENUM_CONVERSION = YES;
				CLANG_WARN_INFINITE_RECURSION = YES;
				CLANG_WARN_INT_CONVERSION = YES;
				CLANG_WARN_NON_LITERAL_NULL_CONVERSION = YES;
				CLANG_WARN_OBJC_IMPLICIT_RETAIN_SELF = YES;
				CLANG_WARN_OBJC_LITERAL_CONVERSION = YES;
				CLANG_WARN_OBJC_ROOT_CLASS = YES_ERROR;
				CLANG_WARN_QUOTED_INCLUDE_IN_FRAMEWORK_HEADER = YES;
				CLANG_WARN_RANGE_LOOP_ANALYSIS = YES;
				CLANG_WARN_STRICT_PROTOTYPES = YES;
				CLANG_WARN_SUSPICIOUS_MOVE = YES;
				CLANG_WARN_UNGUARDED_AVAILABILITY = YES_AGGRESSIVE;
				CLANG_WARN_UNREACHABLE_CODE = YES;
				CLANG_WARN__DUPLICATE_METHOD_MATCH = YES;
				COPY_PHASE_STRIP = NO;
				DEBUG_INFORMATION_FORMAT = dwarf;
				ENABLE_STRICT_OBJC_MSGSEND = YES;
				ENABLE_TESTABILITY = YES;
				GCC_C_LANGUAGE_STANDARD = gnu11;
				GCC_DYNAMIC_NO_PIC = NO;
				GCC_NO_COMMON_BLOCKS = YES;
				GCC_OPTIMIZATION_LEVEL = 0;
				GCC_PREPROCESSOR_DEFINITIONS = (
					"DEBUG=1",
					"$(inherited)",
				);
				GCC_WARN_64_TO_32_BIT_CONVERSION = YES;
				GCC_WARN_ABOUT_RETURN_TYPE = YES_ERROR;
				GCC_WARN_UNDECLARED_SELECTOR = YES;
				GCC_WARN_UNINITIALIZED_AUTOS = YES_AGGRESSIVE;
				GCC_WARN_UNUSED_FUNCTION = YES;
				GCC_WARN_UNUSED_VARIABLE = YES;
				IPHONEOS_DEPLOYMENT_TARGET = 16.4;
				MTL_ENABLE_DEBUG_INFO = INCLUDE_SOURCE;
				MTL_FAST_MATH = YES;
				ONLY_ACTIVE_ARCH = YES;
				SDKROOT = iphoneos;
				SWIFT_ACTIVE_COMPILATION_CONDITIONS = DEBUG;
				SWIFT_OPTIMIZATION_LEVEL = "-Onone";
			};
			name = Debug;
		};
		FA7764D42A055CA2009ABD75 /* Release */ = {
			isa = XCBuildConfiguration;
			buildSettings = {
				ALWAYS_SEARCH_USER_PATHS = NO;
				CLANG_ANALYZER_NONNULL = YES;
				CLANG_ANALYZER_NUMBER_OBJECT_CONVERSION = YES_AGGRESSIVE;
				CLANG_CXX_LANGUAGE_STANDARD = "gnu++20";
				CLANG_ENABLE_MODULES = YES;
				CLANG_ENABLE_OBJC_ARC = YES;
				CLANG_ENABLE_OBJC_WEAK = YES;
				CLANG_WARN_BLOCK_CAPTURE_AUTORELEASING = YES;
				CLANG_WARN_BOOL_CONVERSION = YES;
				CLANG_WARN_COMMA = YES;
				CLANG_WARN_CONSTANT_CONVERSION = YES;
				CLANG_WARN_DEPRECATED_OBJC_IMPLEMENTATIONS = YES;
				CLANG_WARN_DIRECT_OBJC_ISA_USAGE = YES_ERROR;
				CLANG_WARN_DOCUMENTATION_COMMENTS = YES;
				CLANG_WARN_EMPTY_BODY = YES;
				CLANG_WARN_ENUM_CONVERSION = YES;
				CLANG_WARN_INFINITE_RECURSION = YES;
				CLANG_WARN_INT_CONVERSION = YES;
				CLANG_WARN_NON_LITERAL_NULL_CONVERSION = YES;
				CLANG_WARN_OBJC_IMPLICIT_RETAIN_SELF = YES;
				CLANG_WARN_OBJC_LITERAL_CONVERSION = YES;
				CLANG_WARN_OBJC_ROOT_CLASS = YES_ERROR;
				CLANG_WARN_QUOTED_INCLUDE_IN_FRAMEWORK_HEADER = YES;
				CLANG_WARN_RANGE_LOOP_ANALYSIS = YES;
				CLANG_WARN_STRICT_PROTOTYPES = YES;
				CLANG_WARN_SUSPICIOUS_MOVE = YES;
				CLANG_WARN_UNGUARDED_AVAILABILITY = YES_AGGRESSIVE;
				CLANG_WARN_UNREACHABLE_CODE = YES;
				CLANG_WARN__DUPLICATE_METHOD_MATCH = YES;
				COPY_PHASE_STRIP = NO;
				DEBUG_INFORMATION_FORMAT = "dwarf-with-dsym";
				ENABLE_NS_ASSERTIONS = NO;
				ENABLE_STRICT_OBJC_MSGSEND = YES;
				GCC_C_LANGUAGE_STANDARD = gnu11;
				GCC_NO_COMMON_BLOCKS = YES;
				GCC_WARN_64_TO_32_BIT_CONVERSION = YES;
				GCC_WARN_ABOUT_RETURN_TYPE = YES_ERROR;
				GCC_WARN_UNDECLARED_SELECTOR = YES;
				GCC_WARN_UNINITIALIZED_AUTOS = YES_AGGRESSIVE;
				GCC_WARN_UNUSED_FUNCTION = YES;
				GCC_WARN_UNUSED_VARIABLE = YES;
				IPHONEOS_DEPLOYMENT_TARGET = 16.4;
				MTL_ENABLE_DEBUG_INFO = NO;
				MTL_FAST_MATH = YES;
				SDKROOT = iphoneos;
				SWIFT_COMPILATION_MODE = wholemodule;
				SWIFT_OPTIMIZATION_LEVEL = "-O";
				VALIDATE_PRODUCT = YES;
			};
			name = Release;
		};
		FA7764D62A055CA2009ABD75 /* Debug */ = {
			isa = XCBuildConfiguration;
			buildSettings = {
				ASSETCATALOG_COMPILER_APPICON_NAME = AppIcon;
				ASSETCATALOG_COMPILER_GLOBAL_ACCENT_COLOR_NAME = AccentColor;
				CODE_SIGN_STYLE = Automatic;
				CURRENT_PROJECT_VERSION = 1;
				DEVELOPMENT_TEAM = 5WNGG93AJL;
				GENERATE_INFOPLIST_FILE = YES;
				INFOPLIST_FILE = ParsingJSONApp/App/Info.plist;
				INFOPLIST_KEY_CFBundleDisplayName = SWAPIClient;
				INFOPLIST_KEY_UIApplicationSupportsIndirectInputEvents = YES;
				INFOPLIST_KEY_UILaunchStoryboardName = LaunchScreen;
				INFOPLIST_KEY_UIMainStoryboardFile = Main;
				INFOPLIST_KEY_UISupportedInterfaceOrientations = UIInterfaceOrientationPortrait;
				INFOPLIST_KEY_UISupportedInterfaceOrientations_iPad = "UIInterfaceOrientationLandscapeLeft UIInterfaceOrientationLandscapeRight UIInterfaceOrientationPortrait UIInterfaceOrientationPortraitUpsideDown";
				LD_RUNPATH_SEARCH_PATHS = (
					"$(inherited)",
					"@executable_path/Frameworks",
				);
				MARKETING_VERSION = 1.0;
				PRODUCT_BUNDLE_IDENTIFIER = "Zhulai-Alex.ParsingJSONApp";
				PRODUCT_NAME = "$(TARGET_NAME)";
				SUPPORTED_PLATFORMS = "iphoneos iphonesimulator";
				SUPPORTS_MACCATALYST = NO;
				SUPPORTS_MAC_DESIGNED_FOR_IPHONE_IPAD = NO;
				SWIFT_EMIT_LOC_STRINGS = YES;
				SWIFT_VERSION = 5.0;
				TARGETED_DEVICE_FAMILY = 1;
			};
			name = Debug;
		};
		FA7764D72A055CA2009ABD75 /* Release */ = {
			isa = XCBuildConfiguration;
			buildSettings = {
				ASSETCATALOG_COMPILER_APPICON_NAME = AppIcon;
				ASSETCATALOG_COMPILER_GLOBAL_ACCENT_COLOR_NAME = AccentColor;
				CODE_SIGN_STYLE = Automatic;
				CURRENT_PROJECT_VERSION = 1;
				DEVELOPMENT_TEAM = 5WNGG93AJL;
				GENERATE_INFOPLIST_FILE = YES;
				INFOPLIST_FILE = ParsingJSONApp/App/Info.plist;
				INFOPLIST_KEY_CFBundleDisplayName = SWAPIClient;
				INFOPLIST_KEY_UIApplicationSupportsIndirectInputEvents = YES;
				INFOPLIST_KEY_UILaunchStoryboardName = LaunchScreen;
				INFOPLIST_KEY_UIMainStoryboardFile = Main;
				INFOPLIST_KEY_UISupportedInterfaceOrientations = UIInterfaceOrientationPortrait;
				INFOPLIST_KEY_UISupportedInterfaceOrientations_iPad = "UIInterfaceOrientationLandscapeLeft UIInterfaceOrientationLandscapeRight UIInterfaceOrientationPortrait UIInterfaceOrientationPortraitUpsideDown";
				LD_RUNPATH_SEARCH_PATHS = (
					"$(inherited)",
					"@executable_path/Frameworks",
				);
				MARKETING_VERSION = 1.0;
				PRODUCT_BUNDLE_IDENTIFIER = "Zhulai-Alex.ParsingJSONApp";
				PRODUCT_NAME = "$(TARGET_NAME)";
				SUPPORTED_PLATFORMS = "iphoneos iphonesimulator";
				SUPPORTS_MACCATALYST = NO;
				SUPPORTS_MAC_DESIGNED_FOR_IPHONE_IPAD = NO;
				SWIFT_EMIT_LOC_STRINGS = YES;
				SWIFT_VERSION = 5.0;
				TARGETED_DEVICE_FAMILY = 1;
			};
			name = Release;
		};
/* End XCBuildConfiguration section */

/* Begin XCConfigurationList section */
		FA7764BC2A055CA0009ABD75 /* Build configuration list for PBXProject "ParsingJSONApp" */ = {
			isa = XCConfigurationList;
			buildConfigurations = (
				FA7764D32A055CA2009ABD75 /* Debug */,
				FA7764D42A055CA2009ABD75 /* Release */,
			);
			defaultConfigurationIsVisible = 0;
			defaultConfigurationName = Release;
		};
		FA7764D52A055CA2009ABD75 /* Build configuration list for PBXNativeTarget "ParsingJSONApp" */ = {
			isa = XCConfigurationList;
			buildConfigurations = (
				FA7764D62A055CA2009ABD75 /* Debug */,
				FA7764D72A055CA2009ABD75 /* Release */,
			);
			defaultConfigurationIsVisible = 0;
			defaultConfigurationName = Release;
		};
/* End XCConfigurationList section */
	};
	rootObject = FA7764B92A055CA0009ABD75 /* Project object */;
}
